// !$*UTF8*$!
{
	archiveVersion = 1;
	classes = {
	};
	objectVersion = 56;
	objects = {

/* Begin PBXBuildFile section */
		A8097B282C53830D00BAF805 /* CommunityAppApp.swift in Sources */ = {isa = PBXBuildFile; fileRef = A8097B272C53830D00BAF805 /* CommunityAppApp.swift */; };
		A8097B2A2C53830D00BAF805 /* ContentView.swift in Sources */ = {isa = PBXBuildFile; fileRef = A8097B292C53830D00BAF805 /* ContentView.swift */; };
		A8097B2C2C53831000BAF805 /* Assets.xcassets in Resources */ = {isa = PBXBuildFile; fileRef = A8097B2B2C53831000BAF805 /* Assets.xcassets */; };
		A8097B2F2C53831000BAF805 /* Preview Assets.xcassets in Resources */ = {isa = PBXBuildFile; fileRef = A8097B2E2C53831000BAF805 /* Preview Assets.xcassets */; };
		A8097B392C53831000BAF805 /* CommunityAppTests.swift in Sources */ = {isa = PBXBuildFile; fileRef = A8097B382C53831000BAF805 /* CommunityAppTests.swift */; };
		A8097B432C53831000BAF805 /* CommunityAppUITests.swift in Sources */ = {isa = PBXBuildFile; fileRef = A8097B422C53831000BAF805 /* CommunityAppUITests.swift */; };
		A8097B452C53831000BAF805 /* CommunityAppUITestsLaunchTests.swift in Sources */ = {isa = PBXBuildFile; fileRef = A8097B442C53831000BAF805 /* CommunityAppUITestsLaunchTests.swift */; };
/* End PBXBuildFile section */

/* Begin PBXContainerItemProxy section */
		A8097B352C53831000BAF805 /* PBXContainerItemProxy */ = {
			isa = PBXContainerItemProxy;
			containerPortal = A8097B1C2C53830D00BAF805 /* Project object */;
			proxyType = 1;
			remoteGlobalIDString = A8097B232C53830D00BAF805;
			remoteInfo = CommunityApp;
		};
		A8097B3F2C53831000BAF805 /* PBXContainerItemProxy */ = {
			isa = PBXContainerItemProxy;
			containerPortal = A8097B1C2C53830D00BAF805 /* Project object */;
			proxyType = 1;
			remoteGlobalIDString = A8097B232C53830D00BAF805;
			remoteInfo = CommunityApp;
		};
/* End PBXContainerItemProxy section */

/* Begin PBXFileReference section */
		A8097B242C53830D00BAF805 /* CommunityApp.app */ = {isa = PBXFileReference; explicitFileType = wrapper.application; includeInIndex = 0; path = CommunityApp.app; sourceTree = BUILT_PRODUCTS_DIR; };
		A8097B272C53830D00BAF805 /* CommunityAppApp.swift */ = {isa = PBXFileReference; lastKnownFileType = sourcecode.swift; path = CommunityAppApp.swift; sourceTree = "<group>"; };
		A8097B292C53830D00BAF805 /* ContentView.swift */ = {isa = PBXFileReference; lastKnownFileType = sourcecode.swift; path = ContentView.swift; sourceTree = "<group>"; };
		A8097B2B2C53831000BAF805 /* Assets.xcassets */ = {isa = PBXFileReference; lastKnownFileType = folder.assetcatalog; path = Assets.xcassets; sourceTree = "<group>"; };
		A8097B2E2C53831000BAF805 /* Preview Assets.xcassets */ = {isa = PBXFileReference; lastKnownFileType = folder.assetcatalog; path = "Preview Assets.xcassets"; sourceTree = "<group>"; };
		A8097B342C53831000BAF805 /* CommunityAppTests.xctest */ = {isa = PBXFileReference; explicitFileType = wrapper.cfbundle; includeInIndex = 0; path = CommunityAppTests.xctest; sourceTree = BUILT_PRODUCTS_DIR; };
		A8097B382C53831000BAF805 /* CommunityAppTests.swift */ = {isa = PBXFileReference; lastKnownFileType = sourcecode.swift; path = CommunityAppTests.swift; sourceTree = "<group>"; };
		A8097B3E2C53831000BAF805 /* CommunityAppUITests.xctest */ = {isa = PBXFileReference; explicitFileType = wrapper.cfbundle; includeInIndex = 0; path = CommunityAppUITests.xctest; sourceTree = BUILT_PRODUCTS_DIR; };
		A8097B422C53831000BAF805 /* CommunityAppUITests.swift */ = {isa = PBXFileReference; lastKnownFileType = sourcecode.swift; path = CommunityAppUITests.swift; sourceTree = "<group>"; };
		A8097B442C53831000BAF805 /* CommunityAppUITestsLaunchTests.swift */ = {isa = PBXFileReference; lastKnownFileType = sourcecode.swift; path = CommunityAppUITestsLaunchTests.swift; sourceTree = "<group>"; };
/* End PBXFileReference section */

/* Begin PBXFrameworksBuildPhase section */
		A8097B212C53830D00BAF805 /* Frameworks */ = {
			isa = PBXFrameworksBuildPhase;
			buildActionMask = 2147483647;
			files = (
			);
			runOnlyForDeploymentPostprocessing = 0;
		};
		A8097B312C53831000BAF805 /* Frameworks */ = {
			isa = PBXFrameworksBuildPhase;
			buildActionMask = 2147483647;
			files = (
			);
			runOnlyForDeploymentPostprocessing = 0;
		};
		A8097B3B2C53831000BAF805 /* Frameworks */ = {
			isa = PBXFrameworksBuildPhase;
			buildActionMask = 2147483647;
			files = (
			);
			runOnlyForDeploymentPostprocessing = 0;
		};
/* End PBXFrameworksBuildPhase section */

/* Begin PBXGroup section */
		A8097B1B2C53830D00BAF805 = {
			isa = PBXGroup;
			children = (
				A8097B262C53830D00BAF805 /* CommunityApp */,
				A8097B372C53831000BAF805 /* CommunityAppTests */,
				A8097B412C53831000BAF805 /* CommunityAppUITests */,
				A8097B252C53830D00BAF805 /* Products */,
			);
			sourceTree = "<group>";
		};
		A8097B252C53830D00BAF805 /* Products */ = {
			isa = PBXGroup;
			children = (
				A8097B242C53830D00BAF805 /* CommunityApp.app */,
				A8097B342C53831000BAF805 /* CommunityAppTests.xctest */,
				A8097B3E2C53831000BAF805 /* CommunityAppUITests.xctest */,
			);
			name = Products;
			sourceTree = "<group>";
		};
		A8097B262C53830D00BAF805 /* CommunityApp */ = {
			isa = PBXGroup;
			children = (
				A8097B272C53830D00BAF805 /* CommunityAppApp.swift */,
				A8097B292C53830D00BAF805 /* ContentView.swift */,
				A8097B2B2C53831000BAF805 /* Assets.xcassets */,
				A8097B2D2C53831000BAF805 /* Preview Content */,
			);
			path = CommunityApp;
			sourceTree = "<group>";
		};
		A8097B2D2C53831000BAF805 /* Preview Content */ = {
			isa = PBXGroup;
			children = (
				A8097B2E2C53831000BAF805 /* Preview Assets.xcassets */,
			);
			path = "Preview Content";
			sourceTree = "<group>";
		};
		A8097B372C53831000BAF805 /* CommunityAppTests */ = {
			isa = PBXGroup;
			children = (
				A8097B382C53831000BAF805 /* CommunityAppTests.swift */,
			);
			path = CommunityAppTests;
			sourceTree = "<group>";
		};
		A8097B412C53831000BAF805 /* CommunityAppUITests */ = {
			isa = PBXGroup;
			children = (
				A8097B422C53831000BAF805 /* CommunityAppUITests.swift */,
				A8097B442C53831000BAF805 /* CommunityAppUITestsLaunchTests.swift */,
			);
			path = CommunityAppUITests;
			sourceTree = "<group>";
		};
/* End PBXGroup section */

/* Begin PBXNativeTarget section */
		A8097B232C53830D00BAF805 /* CommunityApp */ = {
			isa = PBXNativeTarget;
			buildConfigurationList = A8097B482C53831000BAF805 /* Build configuration list for PBXNativeTarget "CommunityApp" */;
			buildPhases = (
				A8097B202C53830D00BAF805 /* Sources */,
				A8097B212C53830D00BAF805 /* Frameworks */,
				A8097B222C53830D00BAF805 /* Resources */,
			);
			buildRules = (
			);
			dependencies = (
			);
			name = CommunityApp;
			productName = CommunityApp;
			productReference = A8097B242C53830D00BAF805 /* CommunityApp.app */;
			productType = "com.apple.product-type.application";
		};
		A8097B332C53831000BAF805 /* CommunityAppTests */ = {
			isa = PBXNativeTarget;
			buildConfigurationList = A8097B4B2C53831000BAF805 /* Build configuration list for PBXNativeTarget "CommunityAppTests" */;
			buildPhases = (
				A8097B302C53831000BAF805 /* Sources */,
				A8097B312C53831000BAF805 /* Frameworks */,
				A8097B322C53831000BAF805 /* Resources */,
			);
			buildRules = (
			);
			dependencies = (
				A8097B362C53831000BAF805 /* PBXTargetDependency */,
			);
			name = CommunityAppTests;
			productName = CommunityAppTests;
			productReference = A8097B342C53831000BAF805 /* CommunityAppTests.xctest */;
			productType = "com.apple.product-type.bundle.unit-test";
		};
		A8097B3D2C53831000BAF805 /* CommunityAppUITests */ = {
			isa = PBXNativeTarget;
			buildConfigurationList = A8097B4E2C53831000BAF805 /* Build configuration list for PBXNativeTarget "CommunityAppUITests" */;
			buildPhases = (
				A8097B3A2C53831000BAF805 /* Sources */,
				A8097B3B2C53831000BAF805 /* Frameworks */,
				A8097B3C2C53831000BAF805 /* Resources */,
			);
			buildRules = (
			);
			dependencies = (
				A8097B402C53831000BAF805 /* PBXTargetDependency */,
			);
			name = CommunityAppUITests;
			productName = CommunityAppUITests;
			productReference = A8097B3E2C53831000BAF805 /* CommunityAppUITests.xctest */;
			productType = "com.apple.product-type.bundle.ui-testing";
		};
/* End PBXNativeTarget section */

/* Begin PBXProject section */
		A8097B1C2C53830D00BAF805 /* Project object */ = {
			isa = PBXProject;
			attributes = {
				BuildIndependentTargetsInParallel = 1;
				LastSwiftUpdateCheck = 1540;
				LastUpgradeCheck = 1540;
				TargetAttributes = {
					A8097B232C53830D00BAF805 = {
						CreatedOnToolsVersion = 15.4;
					};
					A8097B332C53831000BAF805 = {
						CreatedOnToolsVersion = 15.4;
						TestTargetID = A8097B232C53830D00BAF805;
					};
					A8097B3D2C53831000BAF805 = {
						CreatedOnToolsVersion = 15.4;
						TestTargetID = A8097B232C53830D00BAF805;
					};
				};
			};
			buildConfigurationList = A8097B1F2C53830D00BAF805 /* Build configuration list for PBXProject "CommunityApp" */;
			compatibilityVersion = "Xcode 14.0";
			developmentRegion = en;
			hasScannedForEncodings = 0;
			knownRegions = (
				en,
				Base,
			);
			mainGroup = A8097B1B2C53830D00BAF805;
			productRefGroup = A8097B252C53830D00BAF805 /* Products */;
			projectDirPath = "";
			projectRoot = "";
			targets = (
				A8097B232C53830D00BAF805 /* CommunityApp */,
				A8097B332C53831000BAF805 /* CommunityAppTests */,
				A8097B3D2C53831000BAF805 /* CommunityAppUITests */,
			);
		};
/* End PBXProject section */

/* Begin PBXResourcesBuildPhase section */
		A8097B222C53830D00BAF805 /* Resources */ = {
			isa = PBXResourcesBuildPhase;
			buildActionMask = 2147483647;
			files = (
				A8097B2F2C53831000BAF805 /* Preview Assets.xcassets in Resources */,
				A8097B2C2C53831000BAF805 /* Assets.xcassets in Resources */,
			);
			runOnlyForDeploymentPostprocessing = 0;
		};
		A8097B322C53831000BAF805 /* Resources */ = {
			isa = PBXResourcesBuildPhase;
			buildActionMask = 2147483647;
			files = (
			);
			runOnlyForDeploymentPostprocessing = 0;
		};
		A8097B3C2C53831000BAF805 /* Resources */ = {
			isa = PBXResourcesBuildPhase;
			buildActionMask = 2147483647;
			files = (
			);
			runOnlyForDeploymentPostprocessing = 0;
		};
/* End PBXResourcesBuildPhase section */

/* Begin PBXSourcesBuildPhase section */
		A8097B202C53830D00BAF805 /* Sources */ = {
			isa = PBXSourcesBuildPhase;
			buildActionMask = 2147483647;
			files = (
				A8097B2A2C53830D00BAF805 /* ContentView.swift in Sources */,
				A8097B282C53830D00BAF805 /* CommunityAppApp.swift in Sources */,
			);
			runOnlyForDeploymentPostprocessing = 0;
		};
		A8097B302C53831000BAF805 /* Sources */ = {
			isa = PBXSourcesBuildPhase;
			buildActionMask = 2147483647;
			files = (
				A8097B392C53831000BAF805 /* CommunityAppTests.swift in Sources */,
			);
			runOnlyForDeploymentPostprocessing = 0;
		};
		A8097B3A2C53831000BAF805 /* Sources */ = {
			isa = PBXSourcesBuildPhase;
			buildActionMask = 2147483647;
			files = (
				A8097B452C53831000BAF805 /* CommunityAppUITestsLaunchTests.swift in Sources */,
				A8097B432C53831000BAF805 /* CommunityAppUITests.swift in Sources */,
			);
			runOnlyForDeploymentPostprocessing = 0;
		};
/* End PBXSourcesBuildPhase section */

/* Begin PBXTargetDependency section */
		A8097B362C53831000BAF805 /* PBXTargetDependency */ = {
			isa = PBXTargetDependency;
			target = A8097B232C53830D00BAF805 /* CommunityApp */;
			targetProxy = A8097B352C53831000BAF805 /* PBXContainerItemProxy */;
		};
		A8097B402C53831000BAF805 /* PBXTargetDependency */ = {
			isa = PBXTargetDependency;
			target = A8097B232C53830D00BAF805 /* CommunityApp */;
			targetProxy = A8097B3F2C53831000BAF805 /* PBXContainerItemProxy */;
		};
/* End PBXTargetDependency section */

/* Begin XCBuildConfiguration section */
		A8097B462C53831000BAF805 /* Debug */ = {
			isa = XCBuildConfiguration;
			buildSettings = {
				ALWAYS_SEARCH_USER_PATHS = NO;
				ASSETCATALOG_COMPILER_GENERATE_SWIFT_ASSET_SYMBOL_EXTENSIONS = YES;
				CLANG_ANALYZER_NONNULL = YES;
				CLANG_ANALYZER_NUMBER_OBJECT_CONVERSION = YES_AGGRESSIVE;
				CLANG_CXX_LANGUAGE_STANDARD = "gnu++20";
				CLANG_ENABLE_MODULES = YES;
				CLANG_ENABLE_OBJC_ARC = YES;
				CLANG_ENABLE_OBJC_WEAK = YES;
				CLANG_WARN_BLOCK_CAPTURE_AUTORELEASING = YES;
				CLANG_WARN_BOOL_CONVERSION = YES;
				CLANG_WARN_COMMA = YES;
				CLANG_WARN_CONSTANT_CONVERSION = YES;
				CLANG_WARN_DEPRECATED_OBJC_IMPLEMENTATIONS = YES;
				CLANG_WARN_DIRECT_OBJC_ISA_USAGE = YES_ERROR;
				CLANG_WARN_DOCUMENTATION_COMMENTS = YES;
				CLANG_WARN_EMPTY_BODY = YES;
				CLANG_WARN_ENUM_CONVERSION = YES;
				CLANG_WARN_INFINITE_RECURSION = YES;
				CLANG_WARN_INT_CONVERSION = YES;
				CLANG_WARN_NON_LITERAL_NULL_CONVERSION = YES;
				CLANG_WARN_OBJC_IMPLICIT_RETAIN_SELF = YES;
				CLANG_WARN_OBJC_LITERAL_CONVERSION = YES;
				CLANG_WARN_OBJC_ROOT_CLASS = YES_ERROR;
				CLANG_WARN_QUOTED_INCLUDE_IN_FRAMEWORK_HEADER = YES;
				CLANG_WARN_RANGE_LOOP_ANALYSIS = YES;
				CLANG_WARN_STRICT_PROTOTYPES = YES;
				CLANG_WARN_SUSPICIOUS_MOVE = YES;
				CLANG_WARN_UNGUARDED_AVAILABILITY = YES_AGGRESSIVE;
				CLANG_WARN_UNREACHABLE_CODE = YES;
				CLANG_WARN__DUPLICATE_METHOD_MATCH = YES;
				COPY_PHASE_STRIP = NO;
				DEBUG_INFORMATION_FORMAT = dwarf;
				ENABLE_STRICT_OBJC_MSGSEND = YES;
				ENABLE_TESTABILITY = YES;
				ENABLE_USER_SCRIPT_SANDBOXING = YES;
				GCC_C_LANGUAGE_STANDARD = gnu17;
				GCC_DYNAMIC_NO_PIC = NO;
				GCC_NO_COMMON_BLOCKS = YES;
				GCC_OPTIMIZATION_LEVEL = 0;
				GCC_PREPROCESSOR_DEFINITIONS = (
					"DEBUG=1",
					"$(inherited)",
				);
				GCC_WARN_64_TO_32_BIT_CONVERSION = YES;
				GCC_WARN_ABOUT_RETURN_TYPE = YES_ERROR;
				GCC_WARN_UNDECLARED_SELECTOR = YES;
				GCC_WARN_UNINITIALIZED_AUTOS = YES_AGGRESSIVE;
				GCC_WARN_UNUSED_FUNCTION = YES;
				GCC_WARN_UNUSED_VARIABLE = YES;
				IPHONEOS_DEPLOYMENT_TARGET = 17.5;
				LOCALIZATION_PREFERS_STRING_CATALOGS = YES;
				MTL_ENABLE_DEBUG_INFO = INCLUDE_SOURCE;
				MTL_FAST_MATH = YES;
				ONLY_ACTIVE_ARCH = YES;
				SDKROOT = iphoneos;
				SWIFT_ACTIVE_COMPILATION_CONDITIONS = "DEBUG $(inherited)";
				SWIFT_OPTIMIZATION_LEVEL = "-Onone";
			};
			name = Debug;
		};
		A8097B472C53831000BAF805 /* Release */ = {
			isa = XCBuildConfiguration;
			buildSettings = {
				ALWAYS_SEARCH_USER_PATHS = NO;
				ASSETCATALOG_COMPILER_GENERATE_SWIFT_ASSET_SYMBOL_EXTENSIONS = YES;
				CLANG_ANALYZER_NONNULL = YES;
				CLANG_ANALYZER_NUMBER_OBJECT_CONVERSION = YES_AGGRESSIVE;
				CLANG_CXX_LANGUAGE_STANDARD = "gnu++20";
				CLANG_ENABLE_MODULES = YES;
				CLANG_ENABLE_OBJC_ARC = YES;
				CLANG_ENABLE_OBJC_WEAK = YES;
				CLANG_WARN_BLOCK_CAPTURE_AUTORELEASING = YES;
				CLANG_WARN_BOOL_CONVERSION = YES;
				CLANG_WARN_COMMA = YES;
				CLANG_WARN_CONSTANT_CONVERSION = YES;
				CLANG_WARN_DEPRECATED_OBJC_IMPLEMENTATIONS = YES;
				CLANG_WARN_DIRECT_OBJC_ISA_USAGE = YES_ERROR;
				CLANG_WARN_DOCUMENTATION_COMMENTS = YES;
				CLANG_WARN_EMPTY_BODY = YES;
				CLANG_WARN_ENUM_CONVERSION = YES;
				CLANG_WARN_INFINITE_RECURSION = YES;
				CLANG_WARN_INT_CONVERSION = YES;
				CLANG_WARN_NON_LITERAL_NULL_CONVERSION = YES;
				CLANG_WARN_OBJC_IMPLICIT_RETAIN_SELF = YES;
				CLANG_WARN_OBJC_LITERAL_CONVERSION = YES;
				CLANG_WARN_OBJC_ROOT_CLASS = YES_ERROR;
				CLANG_WARN_QUOTED_INCLUDE_IN_FRAMEWORK_HEADER = YES;
				CLANG_WARN_RANGE_LOOP_ANALYSIS = YES;
				CLANG_WARN_STRICT_PROTOTYPES = YES;
				CLANG_WARN_SUSPICIOUS_MOVE = YES;
				CLANG_WARN_UNGUARDED_AVAILABILITY = YES_AGGRESSIVE;
				CLANG_WARN_UNREACHABLE_CODE = YES;
				CLANG_WARN__DUPLICATE_METHOD_MATCH = YES;
				COPY_PHASE_STRIP = NO;
				DEBUG_INFORMATION_FORMAT = "dwarf-with-dsym";
				ENABLE_NS_ASSERTIONS = NO;
				ENABLE_STRICT_OBJC_MSGSEND = YES;
				ENABLE_USER_SCRIPT_SANDBOXING = YES;
				GCC_C_LANGUAGE_STANDARD = gnu17;
				GCC_NO_COMMON_BLOCKS = YES;
				GCC_WARN_64_TO_32_BIT_CONVERSION = YES;
				GCC_WARN_ABOUT_RETURN_TYPE = YES_ERROR;
				GCC_WARN_UNDECLARED_SELECTOR = YES;
				GCC_WARN_UNINITIALIZED_AUTOS = YES_AGGRESSIVE;
				GCC_WARN_UNUSED_FUNCTION = YES;
				GCC_WARN_UNUSED_VARIABLE = YES;
				IPHONEOS_DEPLOYMENT_TARGET = 17.5;
				LOCALIZATION_PREFERS_STRING_CATALOGS = YES;
				MTL_ENABLE_DEBUG_INFO = NO;
				MTL_FAST_MATH = YES;
				SDKROOT = iphoneos;
				SWIFT_COMPILATION_MODE = wholemodule;
				VALIDATE_PRODUCT = YES;
			};
			name = Release;
		};
		A8097B492C53831000BAF805 /* Debug */ = {
			isa = XCBuildConfiguration;
			buildSettings = {
				ASSETCATALOG_COMPILER_APPICON_NAME = AppIcon;
				ASSETCATALOG_COMPILER_GLOBAL_ACCENT_COLOR_NAME = AccentColor;
				CODE_SIGN_STYLE = Automatic;
				CURRENT_PROJECT_VERSION = 1;
				DEVELOPMENT_ASSET_PATHS = "\"CommunityApp/Preview Content\"";
				DEVELOPMENT_TEAM = 2WN9464H5T;
				ENABLE_PREVIEWS = YES;
				GENERATE_INFOPLIST_FILE = YES;
				INFOPLIST_KEY_UIApplicationSceneManifest_Generation = YES;
				INFOPLIST_KEY_UIApplicationSupportsIndirectInputEvents = YES;
				INFOPLIST_KEY_UILaunchScreen_Generation = YES;
				INFOPLIST_KEY_UISupportedInterfaceOrientations_iPad = "UIInterfaceOrientationPortrait UIInterfaceOrientationPortraitUpsideDown UIInterfaceOrientationLandscapeLeft UIInterfaceOrientationLandscapeRight";
				INFOPLIST_KEY_UISupportedInterfaceOrientations_iPhone = "UIInterfaceOrientationPortrait UIInterfaceOrientationLandscapeLeft UIInterfaceOrientationLandscapeRight";
				LD_RUNPATH_SEARCH_PATHS = (
					"$(inherited)",
					"@executable_path/Frameworks",
				);
				MARKETING_VERSION = 1.0;
				PRODUCT_BUNDLE_IDENTIFIER = burhans.cameron.CommunityApp;
				PRODUCT_NAME = "$(TARGET_NAME)";
				SWIFT_EMIT_LOC_STRINGS = YES;
				SWIFT_VERSION = 5.0;
				TARGETED_DEVICE_FAMILY = "1,2";
			};
			name = Debug;
		};
		A8097B4A2C53831000BAF805 /* Release */ = {
			isa = XCBuildConfiguration;
			buildSettings = {
				ASSETCATALOG_COMPILER_APPICON_NAME = AppIcon;
				ASSETCATALOG_COMPILER_GLOBAL_ACCENT_COLOR_NAME = AccentColor;
				CODE_SIGN_STYLE = Automatic;
				CURRENT_PROJECT_VERSION = 1;
				DEVELOPMENT_ASSET_PATHS = "\"CommunityApp/Preview Content\"";
				DEVELOPMENT_TEAM = 2WN9464H5T;
				ENABLE_PREVIEWS = YES;
				GENERATE_INFOPLIST_FILE = YES;
				INFOPLIST_KEY_UIApplicationSceneManifest_Generation = YES;
				INFOPLIST_KEY_UIApplicationSupportsIndirectInputEvents = YES;
				INFOPLIST_KEY_UILaunchScreen_Generation = YES;
				INFOPLIST_KEY_UISupportedInterfaceOrientations_iPad = "UIInterfaceOrientationPortrait UIInterfaceOrientationPortraitUpsideDown UIInterfaceOrientationLandscapeLeft UIInterfaceOrientationLandscapeRight";
				INFOPLIST_KEY_UISupportedInterfaceOrientations_iPhone = "UIInterfaceOrientationPortrait UIInterfaceOrientationLandscapeLeft UIInterfaceOrientationLandscapeRight";
				LD_RUNPATH_SEARCH_PATHS = (
					"$(inherited)",
					"@executable_path/Frameworks",
				);
				MARKETING_VERSION = 1.0;
				PRODUCT_BUNDLE_IDENTIFIER = burhans.cameron.CommunityApp;
				PRODUCT_NAME = "$(TARGET_NAME)";
				SWIFT_EMIT_LOC_STRINGS = YES;
				SWIFT_VERSION = 5.0;
				TARGETED_DEVICE_FAMILY = "1,2";
			};
			name = Release;
		};
		A8097B4C2C53831000BAF805 /* Debug */ = {
			isa = XCBuildConfiguration;
			buildSettings = {
				ALWAYS_EMBED_SWIFT_STANDARD_LIBRARIES = YES;
				BUNDLE_LOADER = "$(TEST_HOST)";
				CODE_SIGN_STYLE = Automatic;
				CURRENT_PROJECT_VERSION = 1;
				DEVELOPMENT_TEAM = 2WN9464H5T;
				GENERATE_INFOPLIST_FILE = YES;
				IPHONEOS_DEPLOYMENT_TARGET = 17.5;
				MARKETING_VERSION = 1.0;
				PRODUCT_BUNDLE_IDENTIFIER = burhans.cameron.CommunityAppTests;
				PRODUCT_NAME = "$(TARGET_NAME)";
				SWIFT_EMIT_LOC_STRINGS = NO;
				SWIFT_VERSION = 5.0;
				TARGETED_DEVICE_FAMILY = "1,2";
				TEST_HOST = "$(BUILT_PRODUCTS_DIR)/CommunityApp.app/$(BUNDLE_EXECUTABLE_FOLDER_PATH)/CommunityApp";
			};
			name = Debug;
		};
		A8097B4D2C53831000BAF805 /* Release */ = {
			isa = XCBuildConfiguration;
			buildSettings = {
				ALWAYS_EMBED_SWIFT_STANDARD_LIBRARIES = YES;
				BUNDLE_LOADER = "$(TEST_HOST)";
				CODE_SIGN_STYLE = Automatic;
				CURRENT_PROJECT_VERSION = 1;
				DEVELOPMENT_TEAM = 2WN9464H5T;
				GENERATE_INFOPLIST_FILE = YES;
				IPHONEOS_DEPLOYMENT_TARGET = 17.5;
				MARKETING_VERSION = 1.0;
				PRODUCT_BUNDLE_IDENTIFIER = burhans.cameron.CommunityAppTests;
				PRODUCT_NAME = "$(TARGET_NAME)";
				SWIFT_EMIT_LOC_STRINGS = NO;
				SWIFT_VERSION = 5.0;
				TARGETED_DEVICE_FAMILY = "1,2";
				TEST_HOST = "$(BUILT_PRODUCTS_DIR)/CommunityApp.app/$(BUNDLE_EXECUTABLE_FOLDER_PATH)/CommunityApp";
			};
			name = Release;
		};
		A8097B4F2C53831000BAF805 /* Debug */ = {
			isa = XCBuildConfiguration;
			buildSettings = {
				ALWAYS_EMBED_SWIFT_STANDARD_LIBRARIES = YES;
				CODE_SIGN_STYLE = Automatic;
				CURRENT_PROJECT_VERSION = 1;
				DEVELOPMENT_TEAM = 2WN9464H5T;
				GENERATE_INFOPLIST_FILE = YES;
				MARKETING_VERSION = 1.0;
				PRODUCT_BUNDLE_IDENTIFIER = burhans.cameron.CommunityAppUITests;
				PRODUCT_NAME = "$(TARGET_NAME)";
				SWIFT_EMIT_LOC_STRINGS = NO;
				SWIFT_VERSION = 5.0;
				TARGETED_DEVICE_FAMILY = "1,2";
				TEST_TARGET_NAME = CommunityApp;
			};
			name = Debug;
		};
		A8097B502C53831000BAF805 /* Release */ = {
			isa = XCBuildConfiguration;
			buildSettings = {
				ALWAYS_EMBED_SWIFT_STANDARD_LIBRARIES = YES;
				CODE_SIGN_STYLE = Automatic;
				CURRENT_PROJECT_VERSION = 1;
				DEVELOPMENT_TEAM = 2WN9464H5T;
				GENERATE_INFOPLIST_FILE = YES;
				MARKETING_VERSION = 1.0;
				PRODUCT_BUNDLE_IDENTIFIER = burhans.cameron.CommunityAppUITests;
				PRODUCT_NAME = "$(TARGET_NAME)";
				SWIFT_EMIT_LOC_STRINGS = NO;
				SWIFT_VERSION = 5.0;
				TARGETED_DEVICE_FAMILY = "1,2";
				TEST_TARGET_NAME = CommunityApp;
			};
			name = Release;
		};
/* End XCBuildConfiguration section */

/* Begin XCConfigurationList section */
		A8097B1F2C53830D00BAF805 /* Build configuration list for PBXProject "CommunityApp" */ = {
			isa = XCConfigurationList;
			buildConfigurations = (
				A8097B462C53831000BAF805 /* Debug */,
				A8097B472C53831000BAF805 /* Release */,
			);
			defaultConfigurationIsVisible = 0;
			defaultConfigurationName = Release;
		};
		A8097B482C53831000BAF805 /* Build configuration list for PBXNativeTarget "CommunityApp" */ = {
			isa = XCConfigurationList;
			buildConfigurations = (
				A8097B492C53831000BAF805 /* Debug */,
				A8097B4A2C53831000BAF805 /* Release */,
			);
			defaultConfigurationIsVisible = 0;
			defaultConfigurationName = Release;
		};
		A8097B4B2C53831000BAF805 /* Build configuration list for PBXNativeTarget "CommunityAppTests" */ = {
			isa = XCConfigurationList;
			buildConfigurations = (
				A8097B4C2C53831000BAF805 /* Debug */,
				A8097B4D2C53831000BAF805 /* Release */,
			);
			defaultConfigurationIsVisible = 0;
			defaultConfigurationName = Release;
		};
		A8097B4E2C53831000BAF805 /* Build configuration list for PBXNativeTarget "CommunityAppUITests" */ = {
			isa = XCConfigurationList;
			buildConfigurations = (
				A8097B4F2C53831000BAF805 /* Debug */,
				A8097B502C53831000BAF805 /* Release */,
			);
			defaultConfigurationIsVisible = 0;
			defaultConfigurationName = Release;
		};
/* End XCConfigurationList section */
	};
	rootObject = A8097B1C2C53830D00BAF805 /* Project object */;
}
